
Microsoft Visual Studio Solution File, Format Version 12.00
# Visual Studio Version 17
VisualStudioVersion = 17.9.34622.214
MinimumVisualStudioVersion = 10.0.40219.1
Project("{9A19103F-16F7-4668-BE54-9A1E7A4F7556}") = "IdleGameCodes", "IdleGameCodes\IdleGameCodes.csproj", "{8FA34997-CD20-4EC6-9B3D-3C105C118A0E}"
EndProject
Global
	GlobalSection(SolutionConfigurationPlatforms) = preSolution
		Debug|Any CPU = Debug|Any CPU
		Release|Any CPU = Release|Any CPU
	EndGlobalSection
	GlobalSection(ProjectConfigurationPlatforms) = postSolution
		{8FA34997-CD20-4EC6-9B3D-3C105C118A0E}.Debug|Any CPU.ActiveCfg = Debug|Any CPU
		{8FA34997-CD20-4EC6-9B3D-3C105C118A0E}.Debug|Any CPU.Build.0 = Debug|Any CPU
		{8FA34997-CD20-4EC6-9B3D-3C105C118A0E}.Release|Any CPU.ActiveCfg = Release|Any CPU
		{8FA34997-CD20-4EC6-9B3D-3C105C118A0E}.Release|Any CPU.Build.0 = Release|Any CPU
	EndGlobalSection
	GlobalSection(SolutionProperties) = preSolution
		HideSolutionNode = FALSE
	EndGlobalSection
	GlobalSection(ExtensibilityGlobals) = postSolution
		SolutionGuid = {15D88AA0-D2EF-4D5C-9B69-95542DE968F5}
	EndGlobalSection
EndGlobal
